// !$*UTF8*$!
{
	archiveVersion = 1;
	classes = {
	};
	objectVersion = 46;
	objects = {

/* Begin PBXBuildFile section */
		3D10B8D1F6EC2F2A097F0B28 /* libPods-QGSendReply.a in Frameworks */ = {isa = PBXBuildFile; fileRef = 03222076168B1F5A13C89A20 /* libPods-QGSendReply.a */; };
		7B04872E1F20D5DD00E48884 /* main.m in Sources */ = {isa = PBXBuildFile; fileRef = 7B04872D1F20D5DD00E48884 /* main.m */; };
		7B0487311F20D5DD00E48884 /* AppDelegate.m in Sources */ = {isa = PBXBuildFile; fileRef = 7B0487301F20D5DD00E48884 /* AppDelegate.m */; };
		7B0487341F20D5DD00E48884 /* ViewController.m in Sources */ = {isa = PBXBuildFile; fileRef = 7B0487331F20D5DD00E48884 /* ViewController.m */; };
		7B0487371F20D5DD00E48884 /* Main.storyboard in Resources */ = {isa = PBXBuildFile; fileRef = 7B0487351F20D5DD00E48884 /* Main.storyboard */; };
		7B0487391F20D5DD00E48884 /* Assets.xcassets in Resources */ = {isa = PBXBuildFile; fileRef = 7B0487381F20D5DD00E48884 /* Assets.xcassets */; };
		7B04873C1F20D5DD00E48884 /* LaunchScreen.storyboard in Resources */ = {isa = PBXBuildFile; fileRef = 7B04873A1F20D5DD00E48884 /* LaunchScreen.storyboard */; };
		7B0487471F20D5DD00E48884 /* QGSendReplyUITests.m in Sources */ = {isa = PBXBuildFile; fileRef = 7B0487461F20D5DD00E48884 /* QGSendReplyUITests.m */; };
		7B0487541F20D64100E48884 /* QGSendReplyView.m in Sources */ = {isa = PBXBuildFile; fileRef = 7B0487531F20D64100E48884 /* QGSendReplyView.m */; };
/* End PBXBuildFile section */

/* Begin PBXContainerItemProxy section */
		7B0487431F20D5DD00E48884 /* PBXContainerItemProxy */ = {
			isa = PBXContainerItemProxy;
			containerPortal = 7B0487211F20D5DD00E48884 /* Project object */;
			proxyType = 1;
			remoteGlobalIDString = 7B0487281F20D5DD00E48884;
			remoteInfo = QGSendReply;
		};
/* End PBXContainerItemProxy section */

/* Begin PBXFileReference section */
		03222076168B1F5A13C89A20 /* libPods-QGSendReply.a */ = {isa = PBXFileReference; explicitFileType = archive.ar; includeInIndex = 0; path = "libPods-QGSendReply.a"; sourceTree = BUILT_PRODUCTS_DIR; };
		7B0487291F20D5DD00E48884 /* QGSendReply.app */ = {isa = PBXFileReference; explicitFileType = wrapper.application; includeInIndex = 0; path = QGSendReply.app; sourceTree = BUILT_PRODUCTS_DIR; };
		7B04872D1F20D5DD00E48884 /* main.m */ = {isa = PBXFileReference; lastKnownFileType = sourcecode.c.objc; path = main.m; sourceTree = "<group>"; };
		7B04872F1F20D5DD00E48884 /* AppDelegate.h */ = {isa = PBXFileReference; lastKnownFileType = sourcecode.c.h; path = AppDelegate.h; sourceTree = "<group>"; };
		7B0487301F20D5DD00E48884 /* AppDelegate.m */ = {isa = PBXFileReference; lastKnownFileType = sourcecode.c.objc; path = AppDelegate.m; sourceTree = "<group>"; };
		7B0487321F20D5DD00E48884 /* ViewController.h */ = {isa = PBXFileReference; lastKnownFileType = sourcecode.c.h; path = ViewController.h; sourceTree = "<group>"; };
		7B0487331F20D5DD00E48884 /* ViewController.m */ = {isa = PBXFileReference; lastKnownFileType = sourcecode.c.objc; path = ViewController.m; sourceTree = "<group>"; };
		7B0487361F20D5DD00E48884 /* Base */ = {isa = PBXFileReference; lastKnownFileType = file.storyboard; name = Base; path = Base.lproj/Main.storyboard; sourceTree = "<group>"; };
		7B0487381F20D5DD00E48884 /* Assets.xcassets */ = {isa = PBXFileReference; lastKnownFileType = folder.assetcatalog; path = Assets.xcassets; sourceTree = "<group>"; };
		7B04873B1F20D5DD00E48884 /* Base */ = {isa = PBXFileReference; lastKnownFileType = file.storyboard; name = Base; path = Base.lproj/LaunchScreen.storyboard; sourceTree = "<group>"; };
		7B04873D1F20D5DD00E48884 /* Info.plist */ = {isa = PBXFileReference; lastKnownFileType = text.plist.xml; path = Info.plist; sourceTree = "<group>"; };
		7B0487421F20D5DD00E48884 /* QGSendReplyUITests.xctest */ = {isa = PBXFileReference; explicitFileType = wrapper.cfbundle; includeInIndex = 0; path = QGSendReplyUITests.xctest; sourceTree = BUILT_PRODUCTS_DIR; };
		7B0487461F20D5DD00E48884 /* QGSendReplyUITests.m */ = {isa = PBXFileReference; lastKnownFileType = sourcecode.c.objc; path = QGSendReplyUITests.m; sourceTree = "<group>"; };
		7B0487481F20D5DD00E48884 /* Info.plist */ = {isa = PBXFileReference; lastKnownFileType = text.plist.xml; path = Info.plist; sourceTree = "<group>"; };
		7B0487511F20D5F100E48884 /* PrefixHeader.pch */ = {isa = PBXFileReference; lastKnownFileType = sourcecode.c.h; path = PrefixHeader.pch; sourceTree = "<group>"; };
		7B0487521F20D64100E48884 /* QGSendReplyView.h */ = {isa = PBXFileReference; fileEncoding = 4; lastKnownFileType = sourcecode.c.h; path = QGSendReplyView.h; sourceTree = "<group>"; };
		7B0487531F20D64100E48884 /* QGSendReplyView.m */ = {isa = PBXFileReference; fileEncoding = 4; lastKnownFileType = sourcecode.c.objc; path = QGSendReplyView.m; sourceTree = "<group>"; };
		BDBBAD27BD68B81E231DD534 /* Pods-QGSendReply.release.xcconfig */ = {isa = PBXFileReference; includeInIndex = 1; lastKnownFileType = text.xcconfig; name = "Pods-QGSendReply.release.xcconfig"; path = "Pods/Target Support Files/Pods-QGSendReply/Pods-QGSendReply.release.xcconfig"; sourceTree = "<group>"; };
		E2276E2E1D80626549E876C9 /* Pods-QGSendReply.debug.xcconfig */ = {isa = PBXFileReference; includeInIndex = 1; lastKnownFileType = text.xcconfig; name = "Pods-QGSendReply.debug.xcconfig"; path = "Pods/Target Support Files/Pods-QGSendReply/Pods-QGSendReply.debug.xcconfig"; sourceTree = "<group>"; };
/* End PBXFileReference section */

/* Begin PBXFrameworksBuildPhase section */
		7B0487261F20D5DD00E48884 /* Frameworks */ = {
			isa = PBXFrameworksBuildPhase;
			buildActionMask = 2147483647;
			files = (
				3D10B8D1F6EC2F2A097F0B28 /* libPods-QGSendReply.a in Frameworks */,
			);
			runOnlyForDeploymentPostprocessing = 0;
		};
		7B04873F1F20D5DD00E48884 /* Frameworks */ = {
			isa = PBXFrameworksBuildPhase;
			buildActionMask = 2147483647;
			files = (
			);
			runOnlyForDeploymentPostprocessing = 0;
		};
/* End PBXFrameworksBuildPhase section */

/* Begin PBXGroup section */
		19B09C0510C1BED5AA12F5C0 /* Pods */ = {
			isa = PBXGroup;
			children = (
				E2276E2E1D80626549E876C9 /* Pods-QGSendReply.debug.xcconfig */,
				BDBBAD27BD68B81E231DD534 /* Pods-QGSendReply.release.xcconfig */,
			);
			name = Pods;
			sourceTree = "<group>";
		};
		7B0487201F20D5DD00E48884 = {
			isa = PBXGroup;
			children = (
				7B04872B1F20D5DD00E48884 /* QGSendReply */,
				7B0487451F20D5DD00E48884 /* QGSendReplyUITests */,
				7B04872A1F20D5DD00E48884 /* Products */,
				19B09C0510C1BED5AA12F5C0 /* Pods */,
				902566151A2AD2C150385816 /* Frameworks */,
			);
			sourceTree = "<group>";
		};
		7B04872A1F20D5DD00E48884 /* Products */ = {
			isa = PBXGroup;
			children = (
				7B0487291F20D5DD00E48884 /* QGSendReply.app */,
				7B0487421F20D5DD00E48884 /* QGSendReplyUITests.xctest */,
			);
			name = Products;
			sourceTree = "<group>";
		};
		7B04872B1F20D5DD00E48884 /* QGSendReply */ = {
			isa = PBXGroup;
			children = (
				7B04872F1F20D5DD00E48884 /* AppDelegate.h */,
				7B0487301F20D5DD00E48884 /* AppDelegate.m */,
				7B0487321F20D5DD00E48884 /* ViewController.h */,
				7B0487331F20D5DD00E48884 /* ViewController.m */,
				7B0487521F20D64100E48884 /* QGSendReplyView.h */,
				7B0487531F20D64100E48884 /* QGSendReplyView.m */,
				7B0487351F20D5DD00E48884 /* Main.storyboard */,
				7B0487381F20D5DD00E48884 /* Assets.xcassets */,
				7B04873A1F20D5DD00E48884 /* LaunchScreen.storyboard */,
				7B04873D1F20D5DD00E48884 /* Info.plist */,
				7B0487511F20D5F100E48884 /* PrefixHeader.pch */,
				7B04872C1F20D5DD00E48884 /* Supporting Files */,
			);
			path = QGSendReply;
			sourceTree = "<group>";
		};
		7B04872C1F20D5DD00E48884 /* Supporting Files */ = {
			isa = PBXGroup;
			children = (
				7B04872D1F20D5DD00E48884 /* main.m */,
			);
			name = "Supporting Files";
			sourceTree = "<group>";
		};
		7B0487451F20D5DD00E48884 /* QGSendReplyUITests */ = {
			isa = PBXGroup;
			children = (
				7B0487461F20D5DD00E48884 /* QGSendReplyUITests.m */,
				7B0487481F20D5DD00E48884 /* Info.plist */,
			);
			path = QGSendReplyUITests;
			sourceTree = "<group>";
		};
		902566151A2AD2C150385816 /* Frameworks */ = {
			isa = PBXGroup;
			children = (
				03222076168B1F5A13C89A20 /* libPods-QGSendReply.a */,
			);
			name = Frameworks;
			sourceTree = "<group>";
		};
/* End PBXGroup section */

/* Begin PBXNativeTarget section */
		7B0487281F20D5DD00E48884 /* QGSendReply */ = {
			isa = PBXNativeTarget;
			buildConfigurationList = 7B04874B1F20D5DD00E48884 /* Build configuration list for PBXNativeTarget "QGSendReply" */;
			buildPhases = (
				5748437181360C1E478F1182 /* [CP] Check Pods Manifest.lock */,
				7B0487251F20D5DD00E48884 /* Sources */,
				7B0487261F20D5DD00E48884 /* Frameworks */,
				7B0487271F20D5DD00E48884 /* Resources */,
				99107D0D81F7342F4B1745C4 /* [CP] Embed Pods Frameworks */,
				6CDFB6E18CA504F4D87AF322 /* [CP] Copy Pods Resources */,
			);
			buildRules = (
			);
			dependencies = (
			);
			name = QGSendReply;
			productName = QGSendReply;
			productReference = 7B0487291F20D5DD00E48884 /* QGSendReply.app */;
			productType = "com.apple.product-type.application";
		};
		7B0487411F20D5DD00E48884 /* QGSendReplyUITests */ = {
			isa = PBXNativeTarget;
			buildConfigurationList = 7B04874E1F20D5DD00E48884 /* Build configuration list for PBXNativeTarget "QGSendReplyUITests" */;
			buildPhases = (
				7B04873E1F20D5DD00E48884 /* Sources */,
				7B04873F1F20D5DD00E48884 /* Frameworks */,
				7B0487401F20D5DD00E48884 /* Resources */,
			);
			buildRules = (
			);
			dependencies = (
				7B0487441F20D5DD00E48884 /* PBXTargetDependency */,
			);
			name = QGSendReplyUITests;
			productName = QGSendReplyUITests;
			productReference = 7B0487421F20D5DD00E48884 /* QGSendReplyUITests.xctest */;
			productType = "com.apple.product-type.bundle.ui-testing";
		};
/* End PBXNativeTarget section */

/* Begin PBXProject section */
		7B0487211F20D5DD00E48884 /* Project object */ = {
			isa = PBXProject;
			attributes = {
				LastUpgradeCheck = 0830;
				ORGANIZATIONNAME = "徐其岗";
				TargetAttributes = {
					7B0487281F20D5DD00E48884 = {
						CreatedOnToolsVersion = 8.3.3;
						ProvisioningStyle = Automatic;
					};
					7B0487411F20D5DD00E48884 = {
						CreatedOnToolsVersion = 8.3.3;
						ProvisioningStyle = Automatic;
						TestTargetID = 7B0487281F20D5DD00E48884;
					};
				};
			};
			buildConfigurationList = 7B0487241F20D5DD00E48884 /* Build configuration list for PBXProject "QGSendReply" */;
			compatibilityVersion = "Xcode 3.2";
			developmentRegion = English;
			hasScannedForEncodings = 0;
			knownRegions = (
				en,
				Base,
			);
			mainGroup = 7B0487201F20D5DD00E48884;
			productRefGroup = 7B04872A1F20D5DD00E48884 /* Products */;
			projectDirPath = "";
			projectRoot = "";
			targets = (
				7B0487281F20D5DD00E48884 /* QGSendReply */,
				7B0487411F20D5DD00E48884 /* QGSendReplyUITests */,
			);
		};
/* End PBXProject section */

/* Begin PBXResourcesBuildPhase section */
		7B0487271F20D5DD00E48884 /* Resources */ = {
			isa = PBXResourcesBuildPhase;
			buildActionMask = 2147483647;
			files = (
				7B04873C1F20D5DD00E48884 /* LaunchScreen.storyboard in Resources */,
				7B0487391F20D5DD00E48884 /* Assets.xcassets in Resources */,
				7B0487371F20D5DD00E48884 /* Main.storyboard in Resources */,
			);
			runOnlyForDeploymentPostprocessing = 0;
		};
		7B0487401F20D5DD00E48884 /* Resources */ = {
			isa = PBXResourcesBuildPhase;
			buildActionMask = 2147483647;
			files = (
			);
			runOnlyForDeploymentPostprocessing = 0;
		};
/* End PBXResourcesBuildPhase section */

/* Begin PBXShellScriptBuildPhase section */
		5748437181360C1E478F1182 /* [CP] Check Pods Manifest.lock */ = {
			isa = PBXShellScriptBuildPhase;
			buildActionMask = 2147483647;
			files = (
			);
			inputPaths = (
			);
			name = "[CP] Check Pods Manifest.lock";
			outputPaths = (
			);
			runOnlyForDeploymentPostprocessing = 0;
			shellPath = /bin/sh;
			shellScript = "diff \"${PODS_PODFILE_DIR_PATH}/Podfile.lock\" \"${PODS_ROOT}/Manifest.lock\" > /dev/null\nif [ $? != 0 ] ; then\n    # print error to STDERR\n    echo \"error: The sandbox is not in sync with the Podfile.lock. Run 'pod install' or update your CocoaPods installation.\" >&2\n    exit 1\nfi\n";
			showEnvVarsInLog = 0;
		};
		6CDFB6E18CA504F4D87AF322 /* [CP] Copy Pods Resources */ = {
			isa = PBXShellScriptBuildPhase;
			buildActionMask = 2147483647;
			files = (
			);
			inputPaths = (
			);
			name = "[CP] Copy Pods Resources";
			outputPaths = (
			);
			runOnlyForDeploymentPostprocessing = 0;
			shellPath = /bin/sh;
			shellScript = "\"${SRCROOT}/Pods/Target Support Files/Pods-QGSendReply/Pods-QGSendReply-resources.sh\"\n";
			showEnvVarsInLog = 0;
		};
		99107D0D81F7342F4B1745C4 /* [CP] Embed Pods Frameworks */ = {
			isa = PBXShellScriptBuildPhase;
			buildActionMask = 2147483647;
			files = (
			);
			inputPaths = (
			);
			name = "[CP] Embed Pods Frameworks";
			outputPaths = (
			);
			runOnlyForDeploymentPostprocessing = 0;
			shellPath = /bin/sh;
			shellScript = "\"${SRCROOT}/Pods/Target Support Files/Pods-QGSendReply/Pods-QGSendReply-frameworks.sh\"\n";
			showEnvVarsInLog = 0;
		};
/* End PBXShellScriptBuildPhase section */

/* Begin PBXSourcesBuildPhase section */
		7B0487251F20D5DD00E48884 /* Sources */ = {
			isa = PBXSourcesBuildPhase;
			buildActionMask = 2147483647;
			files = (
				7B0487341F20D5DD00E48884 /* ViewController.m in Sources */,
				7B0487541F20D64100E48884 /* QGSendReplyView.m in Sources */,
				7B0487311F20D5DD00E48884 /* AppDelegate.m in Sources */,
				7B04872E1F20D5DD00E48884 /* main.m in Sources */,
			);
			runOnlyForDeploymentPostprocessing = 0;
		};
		7B04873E1F20D5DD00E48884 /* Sources */ = {
			isa = PBXSourcesBuildPhase;
			buildActionMask = 2147483647;
			files = (
				7B0487471F20D5DD00E48884 /* QGSendReplyUITests.m in Sources */,
			);
			runOnlyForDeploymentPostprocessing = 0;
		};
/* End PBXSourcesBuildPhase section */

/* Begin PBXTargetDependency section */
		7B0487441F20D5DD00E48884 /* PBXTargetDependency */ = {
			isa = PBXTargetDependency;
			target = 7B0487281F20D5DD00E48884 /* QGSendReply */;
			targetProxy = 7B0487431F20D5DD00E48884 /* PBXContainerItemProxy */;
		};
/* End PBXTargetDependency section */

/* Begin PBXVariantGroup section */
		7B0487351F20D5DD00E48884 /* Main.storyboard */ = {
			isa = PBXVariantGroup;
			children = (
				7B0487361F20D5DD00E48884 /* Base */,
			);
			name = Main.storyboard;
			sourceTree = "<group>";
		};
		7B04873A1F20D5DD00E48884 /* LaunchScreen.storyboard */ = {
			isa = PBXVariantGroup;
			children = (
				7B04873B1F20D5DD00E48884 /* Base */,
			);
			name = LaunchScreen.storyboard;
			sourceTree = "<group>";
		};
/* End PBXVariantGroup section */

/* Begin XCBuildConfiguration section */
		7B0487491F20D5DD00E48884 /* Debug */ = {
			isa = XCBuildConfiguration;
			buildSettings = {
				ALWAYS_SEARCH_USER_PATHS = NO;
				CLANG_ANALYZER_NONNULL = YES;
				CLANG_ANALYZER_NUMBER_OBJECT_CONVERSION = YES_AGGRESSIVE;
				CLANG_CXX_LANGUAGE_STANDARD = "gnu++0x";
				CLANG_CXX_LIBRARY = "libc++";
				CLANG_ENABLE_MODULES = YES;
				CLANG_ENABLE_OBJC_ARC = YES;
				CLANG_WARN_BOOL_CONVERSION = YES;
				CLANG_WARN_CONSTANT_CONVERSION = YES;
				CLANG_WARN_DIRECT_OBJC_ISA_USAGE = YES_ERROR;
				CLANG_WARN_DOCUMENTATION_COMMENTS = YES;
				CLANG_WARN_EMPTY_BODY = YES;
				CLANG_WARN_ENUM_CONVERSION = YES;
				CLANG_WARN_INFINITE_RECURSION = YES;
				CLANG_WARN_INT_CONVERSION = YES;
				CLANG_WARN_OBJC_ROOT_CLASS = YES_ERROR;
				CLANG_WARN_SUSPICIOUS_MOVE = YES;
				CLANG_WARN_UNREACHABLE_CODE = YES;
				CLANG_WARN__DUPLICATE_METHOD_MATCH = YES;
				"CODE_SIGN_IDENTITY[sdk=iphoneos*]" = "iPhone Developer";
				COPY_PHASE_STRIP = NO;
				DEBUG_INFORMATION_FORMAT = dwarf;
				ENABLE_STRICT_OBJC_MSGSEND = YES;
				ENABLE_TESTABILITY = YES;
				GCC_C_LANGUAGE_STANDARD = gnu99;
				GCC_DYNAMIC_NO_PIC = NO;
				GCC_NO_COMMON_BLOCKS = YES;
				GCC_OPTIMIZATION_LEVEL = 0;
				GCC_PREPROCESSOR_DEFINITIONS = (
					"DEBUG=1",
					"$(inherited)",
				);
				GCC_WARN_64_TO_32_BIT_CONVERSION = YES;
				GCC_WARN_ABOUT_RETURN_TYPE = YES_ERROR;
				GCC_WARN_UNDECLARED_SELECTOR = YES;
				GCC_WARN_UNINITIALIZED_AUTOS = YES_AGGRESSIVE;
				GCC_WARN_UNUSED_FUNCTION = YES;
				GCC_WARN_UNUSED_VARIABLE = YES;
				IPHONEOS_DEPLOYMENT_TARGET = 10.3;
				MTL_ENABLE_DEBUG_INFO = YES;
				ONLY_ACTIVE_ARCH = YES;
				SDKROOT = iphoneos;
			};
			name = Debug;
		};
		7B04874A1F20D5DD00E48884 /* Release */ = {
			isa = XCBuildConfiguration;
			buildSettings = {
				ALWAYS_SEARCH_USER_PATHS = NO;
				CLANG_ANALYZER_NONNULL = YES;
				CLANG_ANALYZER_NUMBER_OBJECT_CONVERSION = YES_AGGRESSIVE;
				CLANG_CXX_LANGUAGE_STANDARD = "gnu++0x";
				CLANG_CXX_LIBRARY = "libc++";
				CLANG_ENABLE_MODULES = YES;
				CLANG_ENABLE_OBJC_ARC = YES;
				CLANG_WARN_BOOL_CONVERSION = YES;
				CLANG_WARN_CONSTANT_CONVERSION = YES;
				CLANG_WARN_DIRECT_OBJC_ISA_USAGE = YES_ERROR;
				CLANG_WARN_DOCUMENTATION_COMMENTS = YES;
				CLANG_WARN_EMPTY_BODY = YES;
				CLANG_WARN_ENUM_CONVERSION = YES;
				CLANG_WARN_INFINITE_RECURSION = YES;
				CLANG_WARN_INT_CONVERSION = YES;
				CLANG_WARN_OBJC_ROOT_CLASS = YES_ERROR;
				CLANG_WARN_SUSPICIOUS_MOVE = YES;
				CLANG_WARN_UNREACHABLE_CODE = YES;
				CLANG_WARN__DUPLICATE_METHOD_MATCH = YES;
				"CODE_SIGN_IDENTITY[sdk=iphoneos*]" = "iPhone Developer";
				COPY_PHASE_STRIP = NO;
				DEBUG_INFORMATION_FORMAT = "dwarf-with-dsym";
				ENABLE_NS_ASSERTIONS = NO;
				ENABLE_STRICT_OBJC_MSGSEND = YES;
				GCC_C_LANGUAGE_STANDARD = gnu99;
				GCC_NO_COMMON_BLOCKS = YES;
				GCC_WARN_64_TO_32_BIT_CONVERSION = YES;
				GCC_WARN_ABOUT_RETURN_TYPE = YES_ERROR;
				GCC_WARN_UNDECLARED_SELECTOR = YES;
				GCC_WARN_UNINITIALIZED_AUTOS = YES_AGGRESSIVE;
				GCC_WARN_UNUSED_FUNCTION = YES;
				GCC_WARN_UNUSED_VARIABLE = YES;
				IPHONEOS_DEPLOYMENT_TARGET = 10.3;
				MTL_ENABLE_DEBUG_INFO = NO;
				SDKROOT = iphoneos;
				VALIDATE_PRODUCT = YES;
			};
			name = Release;
		};
		7B04874C1F20D5DD00E48884 /* Debug */ = {
			isa = XCBuildConfiguration;
			baseConfigurationReference = E2276E2E1D80626549E876C9 /* Pods-QGSendReply.debug.xcconfig */;
			buildSettings = {
				ASSETCATALOG_COMPILER_APPICON_NAME = AppIcon;
				GCC_PREFIX_HEADER = "$(SRCROOT)/QGSendReply/PrefixHeader.pch";
				INFOPLIST_FILE = QGSendReply/Info.plist;
				LD_RUNPATH_SEARCH_PATHS = "$(inherited) @executable_path/Frameworks";
				PRODUCT_BUNDLE_IDENTIFIER = com.reply.app.QGSendReply;
				PRODUCT_NAME = "$(TARGET_NAME)";
			};
			name = Debug;
		};
		7B04874D1F20D5DD00E48884 /* Release */ = {
			isa = XCBuildConfiguration;
			baseConfigurationReference = BDBBAD27BD68B81E231DD534 /* Pods-QGSendReply.release.xcconfig */;
			buildSettings = {
				ASSETCATALOG_COMPILER_APPICON_NAME = AppIcon;
				GCC_PREFIX_HEADER = "$(SRCROOT)/QGSendReply/PrefixHeader.pch";
				INFOPLIST_FILE = QGSendReply/Info.plist;
				LD_RUNPATH_SEARCH_PATHS = "$(inherited) @executable_path/Frameworks";
				PRODUCT_BUNDLE_IDENTIFIER = com.reply.app.QGSendReply;
				PRODUCT_NAME = "$(TARGET_NAME)";
			};
			name = Release;
		};
		7B04874F1F20D5DD00E48884 /* Debug */ = {
			isa = XCBuildConfiguration;
			buildSettings = {
				INFOPLIST_FILE = QGSendReplyUITests/Info.plist;
				LD_RUNPATH_SEARCH_PATHS = "$(inherited) @executable_path/Frameworks @loader_path/Frameworks";
				PRODUCT_BUNDLE_IDENTIFIER = com.reply.app.QGSendReplyUITests;
				PRODUCT_NAME = "$(TARGET_NAME)";
				TEST_TARGET_NAME = QGSendReply;
			};
			name = Debug;
		};
		7B0487501F20D5DD00E48884 /* Release */ = {
			isa = XCBuildConfiguration;
			buildSettings = {
				INFOPLIST_FILE = QGSendReplyUITests/Info.plist;
				LD_RUNPATH_SEARCH_PATHS = "$(inherited) @executable_path/Frameworks @loader_path/Frameworks";
				PRODUCT_BUNDLE_IDENTIFIER = com.reply.app.QGSendReplyUITests;
				PRODUCT_NAME = "$(TARGET_NAME)";
				TEST_TARGET_NAME = QGSendReply;
			};
			name = Release;
		};
/* End XCBuildConfiguration section */

/* Begin XCConfigurationList section */
		7B0487241F20D5DD00E48884 /* Build configuration list for PBXProject "QGSendReply" */ = {
			isa = XCConfigurationList;
			buildConfigurations = (
				7B0487491F20D5DD00E48884 /* Debug */,
				7B04874A1F20D5DD00E48884 /* Release */,
			);
			defaultConfigurationIsVisible = 0;
			defaultConfigurationName = Release;
		};
		7B04874B1F20D5DD00E48884 /* Build configuration list for PBXNativeTarget "QGSendReply" */ = {
			isa = XCConfigurationList;
			buildConfigurations = (
				7B04874C1F20D5DD00E48884 /* Debug */,
				7B04874D1F20D5DD00E48884 /* Release */,
			);
			defaultConfigurationIsVisible = 0;
		};
		7B04874E1F20D5DD00E48884 /* Build configuration list for PBXNativeTarget "QGSendReplyUITests" */ = {
			isa = XCConfigurationList;
			buildConfigurations = (
				7B04874F1F20D5DD00E48884 /* Debug */,
				7B0487501F20D5DD00E48884 /* Release */,
			);
			defaultConfigurationIsVisible = 0;
		};
/* End XCConfigurationList section */
	};
	rootObject = 7B0487211F20D5DD00E48884 /* Project object */;
}
